
Microsoft Visual Studio Solution File, Format Version 12.00
Project("{FAE04EC0-301F-11D3-BF4B-00C04F79EFBC}") = "DapperExample", "DapperExample\DapperExample.csproj", "{F0E6CBCF-6D09-4A50-A91D-2180BD5D4824}"
EndProject
Global
	GlobalSection(SolutionConfigurationPlatforms) = preSolution
		Debug|Any CPU = Debug|Any CPU
		Release|Any CPU = Release|Any CPU
	EndGlobalSection
	GlobalSection(ProjectConfigurationPlatforms) = postSolution
		{F0E6CBCF-6D09-4A50-A91D-2180BD5D4824}.Debug|Any CPU.ActiveCfg = Debug|Any CPU
		{F0E6CBCF-6D09-4A50-A91D-2180BD5D4824}.Debug|Any CPU.Build.0 = Debug|Any CPU
		{F0E6CBCF-6D09-4A50-A91D-2180BD5D4824}.Release|Any CPU.ActiveCfg = Release|Any CPU
		{F0E6CBCF-6D09-4A50-A91D-2180BD5D4824}.Release|Any CPU.Build.0 = Release|Any CPU
	EndGlobalSection
EndGlobal
